
Microsoft Visual Studio Solution File, Format Version 12.00
# Visual Studio 15
VisualStudioVersion = 15.0.28307.102
MinimumVisualStudioVersion = 10.0.40219.1
Project("{9A19103F-16F7-4668-BE54-9A1E7A4F7556}") = "Exercise1", "ADO_NET\Exercise1.csproj", "{A70CCC37-49D9-4857-AD99-05570036D36D}"
EndProject
Project("{9A19103F-16F7-4668-BE54-9A1E7A4F7556}") = "Exercise2", "Exercise2\Exercise2.csproj", "{ED5D797A-A66A-4306-BFB8-4A0C9AB0E8A5}"
EndProject
Project("{9A19103F-16F7-4668-BE54-9A1E7A4F7556}") = "Exercise3", "Exercise3\Exercise3.csproj", "{79370951-FD68-4AD2-AE3A-D39ABC8FC985}"
EndProject
Project("{9A19103F-16F7-4668-BE54-9A1E7A4F7556}") = "Exercise4", "Exercise4\Exercise4.csproj", "{22385EA8-85ED-48F1-AAD8-055523C4EDF2}"
EndProject
Project("{9A19103F-16F7-4668-BE54-9A1E7A4F7556}") = "Exercise5", "Exercise5\Exercise5.csproj", "{511C69E5-2508-47F2-8E6D-ECF93D1EAA15}"
EndProject
Project("{FAE04EC0-301F-11D3-BF4B-00C04F79EFBC}") = "Exercise6", "Exercise6\Exercise6.csproj", "{599F4D74-4080-4372-BC10-E74A6CC49C76}"
EndProject
Project("{FAE04EC0-301F-11D3-BF4B-00C04F79EFBC}") = "Exercise7", "Exercise7\Exercise7.csproj", "{8291BC36-D593-4F26-A515-45403E9B3F43}"
EndProject
Project("{FAE04EC0-301F-11D3-BF4B-00C04F79EFBC}") = "Exercise8", "Exercise8\Exercise8.csproj", "{FE0E4D41-D50D-4E71-85AD-2299DC1B39C6}"
EndProject
Project("{FAE04EC0-301F-11D3-BF4B-00C04F79EFBC}") = "Exercise9", "Exercise9\Exercise9.csproj", "{AA46CA11-BFD4-4B10-84EA-09E299BEC500}"
EndProject
Global
	GlobalSection(SolutionConfigurationPlatforms) = preSolution
		Debug|Any CPU = Debug|Any CPU
		Release|Any CPU = Release|Any CPU
	EndGlobalSection
	GlobalSection(ProjectConfigurationPlatforms) = postSolution
		{A70CCC37-49D9-4857-AD99-05570036D36D}.Debug|Any CPU.ActiveCfg = Debug|Any CPU
		{A70CCC37-49D9-4857-AD99-05570036D36D}.Debug|Any CPU.Build.0 = Debug|Any CPU
		{A70CCC37-49D9-4857-AD99-05570036D36D}.Release|Any CPU.ActiveCfg = Release|Any CPU
		{A70CCC37-49D9-4857-AD99-05570036D36D}.Release|Any CPU.Build.0 = Release|Any CPU
		{ED5D797A-A66A-4306-BFB8-4A0C9AB0E8A5}.Debug|Any CPU.ActiveCfg = Debug|Any CPU
		{ED5D797A-A66A-4306-BFB8-4A0C9AB0E8A5}.Debug|Any CPU.Build.0 = Debug|Any CPU
		{ED5D797A-A66A-4306-BFB8-4A0C9AB0E8A5}.Release|Any CPU.ActiveCfg = Release|Any CPU
		{ED5D797A-A66A-4306-BFB8-4A0C9AB0E8A5}.Release|Any CPU.Build.0 = Release|Any CPU
		{79370951-FD68-4AD2-AE3A-D39ABC8FC985}.Debug|Any CPU.ActiveCfg = Debug|Any CPU
		{79370951-FD68-4AD2-AE3A-D39ABC8FC985}.Debug|Any CPU.Build.0 = Debug|Any CPU
		{79370951-FD68-4AD2-AE3A-D39ABC8FC985}.Release|Any CPU.ActiveCfg = Release|Any CPU
		{79370951-FD68-4AD2-AE3A-D39ABC8FC985}.Release|Any CPU.Build.0 = Release|Any CPU
		{22385EA8-85ED-48F1-AAD8-055523C4EDF2}.Debug|Any CPU.ActiveCfg = Debug|Any CPU
		{22385EA8-85ED-48F1-AAD8-055523C4EDF2}.Debug|Any CPU.Build.0 = Debug|Any CPU
		{22385EA8-85ED-48F1-AAD8-055523C4EDF2}.Release|Any CPU.ActiveCfg = Release|Any CPU
		{22385EA8-85ED-48F1-AAD8-055523C4EDF2}.Release|Any CPU.Build.0 = Release|Any CPU
		{511C69E5-2508-47F2-8E6D-ECF93D1EAA15}.Debug|Any CPU.ActiveCfg = Debug|Any CPU
		{511C69E5-2508-47F2-8E6D-ECF93D1EAA15}.Debug|Any CPU.Build.0 = Debug|Any CPU
		{511C69E5-2508-47F2-8E6D-ECF93D1EAA15}.Release|Any CPU.ActiveCfg = Release|Any CPU
		{511C69E5-2508-47F2-8E6D-ECF93D1EAA15}.Release|Any CPU.Build.0 = Release|Any CPU
		{599F4D74-4080-4372-BC10-E74A6CC49C76}.Debug|Any CPU.ActiveCfg = Debug|Any CPU
		{599F4D74-4080-4372-BC10-E74A6CC49C76}.Debug|Any CPU.Build.0 = Debug|Any CPU
		{599F4D74-4080-4372-BC10-E74A6CC49C76}.Release|Any CPU.ActiveCfg = Release|Any CPU
		{599F4D74-4080-4372-BC10-E74A6CC49C76}.Release|Any CPU.Build.0 = Release|Any CPU
		{8291BC36-D593-4F26-A515-45403E9B3F43}.Debug|Any CPU.ActiveCfg = Debug|Any CPU
		{8291BC36-D593-4F26-A515-45403E9B3F43}.Debug|Any CPU.Build.0 = Debug|Any CPU
		{8291BC36-D593-4F26-A515-45403E9B3F43}.Release|Any CPU.ActiveCfg = Release|Any CPU
		{8291BC36-D593-4F26-A515-45403E9B3F43}.Release|Any CPU.Build.0 = Release|Any CPU
		{FE0E4D41-D50D-4E71-85AD-2299DC1B39C6}.Debug|Any CPU.ActiveCfg = Debug|Any CPU
		{FE0E4D41-D50D-4E71-85AD-2299DC1B39C6}.Debug|Any CPU.Build.0 = Debug|Any CPU
		{FE0E4D41-D50D-4E71-85AD-2299DC1B39C6}.Release|Any CPU.ActiveCfg = Release|Any CPU
		{FE0E4D41-D50D-4E71-85AD-2299DC1B39C6}.Release|Any CPU.Build.0 = Release|Any CPU
		{AA46CA11-BFD4-4B10-84EA-09E299BEC500}.Debug|Any CPU.ActiveCfg = Debug|Any CPU
		{AA46CA11-BFD4-4B10-84EA-09E299BEC500}.Debug|Any CPU.Build.0 = Debug|Any CPU
		{AA46CA11-BFD4-4B10-84EA-09E299BEC500}.Release|Any CPU.ActiveCfg = Release|Any CPU
		{AA46CA11-BFD4-4B10-84EA-09E299BEC500}.Release|Any CPU.Build.0 = Release|Any CPU
	EndGlobalSection
	GlobalSection(SolutionProperties) = preSolution
		HideSolutionNode = FALSE
	EndGlobalSection
	GlobalSection(ExtensibilityGlobals) = postSolution
		SolutionGuid = {DE6925EA-07CE-44B1-B87F-85413206B15D}
	EndGlobalSection
EndGlobal
